
Microsoft Visual Studio Solution File, Format Version 12.00
# Visual Studio Version 16
VisualStudioVersion = 16.0.32407.337
MinimumVisualStudioVersion = 10.0.40219.1
Project("{FAE04EC0-301F-11D3-BF4B-00C04F79EFBC}") = "AnoBissexto", "AnoBissexto\AnoBissexto.csproj", "{5E235A09-A9D7-43CA-9B65-9DEEA7FB79D5}"
EndProject
Global
	GlobalSection(SolutionConfigurationPlatforms) = preSolution
		Debug|Any CPU = Debug|Any CPU
		Release|Any CPU = Release|Any CPU
	EndGlobalSection
	GlobalSection(ProjectConfigurationPlatforms) = postSolution
		{5E235A09-A9D7-43CA-9B65-9DEEA7FB79D5}.Debug|Any CPU.ActiveCfg = Debug|Any CPU
		{5E235A09-A9D7-43CA-9B65-9DEEA7FB79D5}.Debug|Any CPU.Build.0 = Debug|Any CPU
		{5E235A09-A9D7-43CA-9B65-9DEEA7FB79D5}.Release|Any CPU.ActiveCfg = Release|Any CPU
		{5E235A09-A9D7-43CA-9B65-9DEEA7FB79D5}.Release|Any CPU.Build.0 = Release|Any CPU
	EndGlobalSection
	GlobalSection(SolutionProperties) = preSolution
		HideSolutionNode = FALSE
	EndGlobalSection
	GlobalSection(ExtensibilityGlobals) = postSolution
		SolutionGuid = {1BC6CB98-E945-4345-817C-DA8AA7EFE728}
	EndGlobalSection
EndGlobal
